
Microsoft Visual Studio Solution File, Format Version 12.00
# Visual Studio Version 17
VisualStudioVersion = 17.0.31903.59
MinimumVisualStudioVersion = 10.0.40219.1
Project("{6EC3EE1D-3C4E-46DD-8F32-0CC8E7565705}") = "Store.UI", "src\ui\Store.UI.fsproj", "{F0368D77-77D0-4CB4-B039-262111F8A0B8}"
EndProject
Project("{6EC3EE1D-3C4E-46DD-8F32-0CC8E7565705}") = "Store.Test", "test\Store.Test.fsproj", "{4C902330-101F-4C2C-AABB-BA7773D27C92}"
EndProject
Project("{2150E333-8FDC-42A3-9474-1A3956D46DE8}") = "Solution Items", "Solution Items", "{58FFB188-A7BC-434A-A8EF-9BEBAD4D92FF}"
	ProjectSection(SolutionItems) = preProject
		.editorconfig = .editorconfig
	EndProjectSection
EndProject
Project("{6EC3EE1D-3C4E-46DD-8F32-0CC8E7565705}") = "Store.Shared", "src\shared\Store.Shared.fsproj", "{520F45D2-8375-4854-89C2-1072AF097241}"
EndProject
Project("{F2A71F9B-5D33-465A-A702-920D77279786}") = "Store.Crm", "src\crm\Store.Crm.fsproj", "{B2E8FEAB-D060-4B68-82C2-8A83F80BD440}"
EndProject
Project("{2150E333-8FDC-42A3-9474-1A3956D46DE8}") = "Lambdas", "Lambdas", "{6DF20E2C-FA70-4E62-839F-449DFC83185F}"
EndProject
Project("{F2A71F9B-5D33-465A-A702-920D77279786}") = "Interactions", "src\lambda\Interactions\Interactions.fsproj", "{2B1B9ADA-D099-4B23-94E7-77D313E70D62}"
EndProject
Project("{F2A71F9B-5D33-465A-A702-920D77279786}") = "Leads", "src\lambda\Leads\Leads.fsproj", "{C3C67A9B-FA0A-412A-9FBF-9CA6493107B7}"
EndProject
Project("{F2A71F9B-5D33-465A-A702-920D77279786}") = "Stripe", "src\lambda\Stripe\Stripe.fsproj", "{D6A186FC-24B8-435F-80D6-C4477F9AC9B5}"
EndProject
Global
	GlobalSection(SolutionConfigurationPlatforms) = preSolution
		Debug|Any CPU = Debug|Any CPU
		Release|Any CPU = Release|Any CPU
	EndGlobalSection
	GlobalSection(ProjectConfigurationPlatforms) = postSolution
		{F0368D77-77D0-4CB4-B039-262111F8A0B8}.Debug|Any CPU.ActiveCfg = Debug|Any CPU
		{F0368D77-77D0-4CB4-B039-262111F8A0B8}.Debug|Any CPU.Build.0 = Debug|Any CPU
		{F0368D77-77D0-4CB4-B039-262111F8A0B8}.Release|Any CPU.ActiveCfg = Release|Any CPU
		{F0368D77-77D0-4CB4-B039-262111F8A0B8}.Release|Any CPU.Build.0 = Release|Any CPU
		{4C902330-101F-4C2C-AABB-BA7773D27C92}.Debug|Any CPU.ActiveCfg = Debug|Any CPU
		{4C902330-101F-4C2C-AABB-BA7773D27C92}.Debug|Any CPU.Build.0 = Debug|Any CPU
		{4C902330-101F-4C2C-AABB-BA7773D27C92}.Release|Any CPU.ActiveCfg = Release|Any CPU
		{4C902330-101F-4C2C-AABB-BA7773D27C92}.Release|Any CPU.Build.0 = Release|Any CPU
		{520F45D2-8375-4854-89C2-1072AF097241}.Debug|Any CPU.ActiveCfg = Debug|Any CPU
		{520F45D2-8375-4854-89C2-1072AF097241}.Debug|Any CPU.Build.0 = Debug|Any CPU
		{520F45D2-8375-4854-89C2-1072AF097241}.Release|Any CPU.ActiveCfg = Release|Any CPU
		{520F45D2-8375-4854-89C2-1072AF097241}.Release|Any CPU.Build.0 = Release|Any CPU
		{B2E8FEAB-D060-4B68-82C2-8A83F80BD440}.Debug|Any CPU.ActiveCfg = Debug|Any CPU
		{B2E8FEAB-D060-4B68-82C2-8A83F80BD440}.Debug|Any CPU.Build.0 = Debug|Any CPU
		{B2E8FEAB-D060-4B68-82C2-8A83F80BD440}.Release|Any CPU.ActiveCfg = Release|Any CPU
		{B2E8FEAB-D060-4B68-82C2-8A83F80BD440}.Release|Any CPU.Build.0 = Release|Any CPU
		{2B1B9ADA-D099-4B23-94E7-77D313E70D62}.Debug|Any CPU.ActiveCfg = Debug|Any CPU
		{2B1B9ADA-D099-4B23-94E7-77D313E70D62}.Debug|Any CPU.Build.0 = Debug|Any CPU
		{2B1B9ADA-D099-4B23-94E7-77D313E70D62}.Release|Any CPU.ActiveCfg = Release|Any CPU
		{2B1B9ADA-D099-4B23-94E7-77D313E70D62}.Release|Any CPU.Build.0 = Release|Any CPU
		{C3C67A9B-FA0A-412A-9FBF-9CA6493107B7}.Debug|Any CPU.ActiveCfg = Debug|Any CPU
		{C3C67A9B-FA0A-412A-9FBF-9CA6493107B7}.Debug|Any CPU.Build.0 = Debug|Any CPU
		{C3C67A9B-FA0A-412A-9FBF-9CA6493107B7}.Release|Any CPU.ActiveCfg = Release|Any CPU
		{C3C67A9B-FA0A-412A-9FBF-9CA6493107B7}.Release|Any CPU.Build.0 = Release|Any CPU
		{D6A186FC-24B8-435F-80D6-C4477F9AC9B5}.Debug|Any CPU.ActiveCfg = Debug|Any CPU
		{D6A186FC-24B8-435F-80D6-C4477F9AC9B5}.Debug|Any CPU.Build.0 = Debug|Any CPU
		{D6A186FC-24B8-435F-80D6-C4477F9AC9B5}.Release|Any CPU.ActiveCfg = Release|Any CPU
		{D6A186FC-24B8-435F-80D6-C4477F9AC9B5}.Release|Any CPU.Build.0 = Release|Any CPU
	EndGlobalSection
	GlobalSection(SolutionProperties) = preSolution
		HideSolutionNode = FALSE
	EndGlobalSection
	GlobalSection(NestedProjects) = preSolution
		{2B1B9ADA-D099-4B23-94E7-77D313E70D62} = {6DF20E2C-FA70-4E62-839F-449DFC83185F}
		{C3C67A9B-FA0A-412A-9FBF-9CA6493107B7} = {6DF20E2C-FA70-4E62-839F-449DFC83185F}
		{D6A186FC-24B8-435F-80D6-C4477F9AC9B5} = {6DF20E2C-FA70-4E62-839F-449DFC83185F}
	EndGlobalSection
	GlobalSection(ExtensibilityGlobals) = postSolution
		SolutionGuid = {4C82AB04-886E-4B63-9F44-C827B09AFB7B}
	EndGlobalSection
EndGlobal
